# This file is automatically @generated by Poetry 2.1.1 and should not be changed by hand.

[[package]]
name = "certifi"
version = "2025.1.31"
description = "Python package for providing Mozilla's CA Bundle."
optional = false
python-versions = ">=3.6"
groups = ["main"]
files = [
    {file = "certifi-2025.1.31-py3-none-any.whl", hash = "sha256:ca78db4565a652026a4db2bcdf68f2fb589ea80d0be70e03929ed730746b84fe"},
    {file = "certifi-2025.1.31.tar.gz", hash = "sha256:3d5da6925056f6f18f119200434a4780a94263f10d1c21d032a6f6b2baa20651"},
]

[[package]]
name = "charset-normalizer"
version = "2.1.1"
description = "The Real First Universal Charset Detector. Open, modern and actively maintained alternative to Chardet."
optional = false
python-versions = ">=3.6.0"
groups = ["main"]
files = [
    {file = "charset-normalizer-2.1.1.tar.gz", hash = "sha256:5a3d016c7c547f69d6f81fb0db9449ce888b418b5b9952cc5e6e66843e9dd845"},
    {file = "charset_normalizer-2.1.1-py3-none-any.whl", hash = "sha256:83e9a75d1911279afd89352c68b45348559d1fc0506b054b346651b5e7fee29f"},
]

[package.extras]
unicode-backport = ["unicodedata2"]

[[package]]
name = "click"
version = "7.1.2"
description = "Composable command line interface toolkit"
optional = false
python-versions = ">=2.7, !=3.0.*, !=3.1.*, !=3.2.*, !=3.3.*, !=3.4.*"
groups = ["main"]
files = [
    {file = "click-7.1.2-py2.py3-none-any.whl", hash = "sha256:dacca89f4bfadd5de3d7489b7c8a566eee0d3676333fbb50030263894c38c0dc"},
    {file = "click-7.1.2.tar.gz", hash = "sha256:d2b5255c7c6349bc1bd1e59e08cd12acbbd63ce649f2588755783aa94dfb6b1a"},
]

[[package]]
name = "fastapi"
version = "0.48.0"
description = "FastAPI framework, high performance, easy to learn, fast to code, ready for production"
optional = false
python-versions = ">=3.6"
groups = ["main"]
files = [
    {file = "fastapi-0.48.0-py3-none-any.whl", hash = "sha256:87d409d3ac3957713c016ba3b28fa5214e0903d4351cc3fe486b170d29e8aacd"},
    {file = "fastapi-0.48.0.tar.gz", hash = "sha256:2e00347f6a84291a5f04302733fbcf7c2ad9c674c0d0448cbee661db0e01ca16"},
]

[package.dependencies]
pydantic = ">=0.32.2,<2.0.0"
starlette = "0.12.9"

[package.extras]
all = ["aiofiles", "async_exit_stack", "async_generator", "email_validator", "graphene", "itsdangerous", "jinja2", "python-multipart", "pyyaml", "requests", "ujson", "uvicorn"]
dev = ["autoflake", "flake8", "graphene", "passlib[bcrypt]", "pyjwt", "uvicorn"]
doc = ["markdown-include", "mkdocs", "mkdocs-material"]
test = ["async_exit_stack", "async_generator", "black", "databases[sqlite]", "email_validator", "isort", "mypy", "orjson", "peewee", "pytest (>=4.0.0)", "pytest-cov", "requests", "sqlalchemy"]

[[package]]
name = "h11"
version = "0.9.0"
description = "A pure-Python, bring-your-own-I/O implementation of HTTP/1.1"
optional = false
python-versions = "*"
groups = ["main"]
files = [
    {file = "h11-0.9.0-py2.py3-none-any.whl", hash = "sha256:4bc6d6a1238b7615b266ada57e0618568066f57dd6fa967d1290ec9309b2f2f1"},
    {file = "h11-0.9.0.tar.gz", hash = "sha256:33d4bca7be0fa039f4e84d50ab00531047e53d6ee8ffbc83501ea602c169cae1"},
]

[[package]]
name = "httptools"
version = "0.0.13"
description = "A collection of framework independent HTTP protocol utils."
optional = false
python-versions = "*"
groups = ["main"]
markers = "sys_platform != \"win32\" and sys_platform != \"cygwin\" and platform_python_implementation != \"pypy\""
files = [
    {file = "httptools-0.0.13.tar.gz", hash = "sha256:e00cbd7ba01ff748e494248183abc6e153f49181169d8a3d41bb49132ca01dfc"},
]

[[package]]
name = "idna"
version = "3.10"
description = "Internationalized Domain Names in Applications (IDNA)"
optional = false
python-versions = ">=3.6"
groups = ["main"]
files = [
    {file = "idna-3.10-py3-none-any.whl", hash = "sha256:946d195a0d259cbba61165e88e65941f16e9b36ea6ddb97f00452bae8b1287d3"},
    {file = "idna-3.10.tar.gz", hash = "sha256:12f65c9b470abda6dc35cf8e63cc574b1c52b11df2c86030af0ac09b01b13ea9"},
]

[package.extras]
all = ["flake8 (>=7.1.1)", "mypy (>=1.11.2)", "pytest (>=8.3.2)", "ruff (>=0.6.2)"]

[[package]]
name = "pydantic"
version = "1.10.21"
description = "Data validation and settings management using python type hints"
optional = false
python-versions = ">=3.7"
groups = ["main"]
files = [
    {file = "pydantic-1.10.21-cp310-cp310-macosx_10_9_x86_64.whl", hash = "sha256:245e486e0fec53ec2366df9cf1cba36e0bbf066af7cd9c974bbbd9ba10e1e586"},
    {file = "pydantic-1.10.21-cp310-cp310-macosx_11_0_arm64.whl", hash = "sha256:6c54f8d4c151c1de784c5b93dfbb872067e3414619e10e21e695f7bb84d1d1fd"},
    {file = "pydantic-1.10.21-cp310-cp310-manylinux_2_17_x86_64.manylinux2014_x86_64.whl", hash = "sha256:6b64708009cfabd9c2211295144ff455ec7ceb4c4fb45a07a804309598f36187"},
    {file = "pydantic-1.10.21-cp310-cp310-manylinux_2_5_i686.manylinux1_i686.manylinux_2_17_i686.manylinux2014_i686.whl", hash = "sha256:8a148410fa0e971ba333358d11a6dea7b48e063de127c2b09ece9d1c1137dde4"},
    {file = "pydantic-1.10.21-cp310-cp310-musllinux_1_2_i686.whl", hash = "sha256:36ceadef055af06e7756eb4b871cdc9e5a27bdc06a45c820cd94b443de019bbf"},
    {file = "pydantic-1.10.21-cp310-cp310-musllinux_1_2_x86_64.whl", hash = "sha256:c0501e1d12df6ab1211b8cad52d2f7b2cd81f8e8e776d39aa5e71e2998d0379f"},
    {file = "pydantic-1.10.21-cp310-cp310-win_amd64.whl", hash = "sha256:c261127c275d7bce50b26b26c7d8427dcb5c4803e840e913f8d9df3f99dca55f"},
    {file = "pydantic-1.10.21-cp311-cp311-macosx_10_9_x86_64.whl", hash = "sha256:8b6350b68566bb6b164fb06a3772e878887f3c857c46c0c534788081cb48adf4"},
    {file = "pydantic-1.10.21-cp311-cp311-macosx_11_0_arm64.whl", hash = "sha256:935b19fdcde236f4fbf691959fa5c3e2b6951fff132964e869e57c70f2ad1ba3"},
    {file = "pydantic-1.10.21-cp311-cp311-manylinux_2_17_x86_64.manylinux2014_x86_64.whl", hash = "sha256:2b6a04efdcd25486b27f24c1648d5adc1633ad8b4506d0e96e5367f075ed2e0b"},
    {file = "pydantic-1.10.21-cp311-cp311-manylinux_2_5_i686.manylinux1_i686.manylinux_2_17_i686.manylinux2014_i686.whl", hash = "sha256:c1ba253eb5af8d89864073e6ce8e6c8dec5f49920cff61f38f5c3383e38b1c9f"},
    {file = "pydantic-1.10.21-cp311-cp311-musllinux_1_2_i686.whl", hash = "sha256:57f0101e6c97b411f287a0b7cf5ebc4e5d3b18254bf926f45a11615d29475793"},
    {file = "pydantic-1.10.21-cp311-cp311-musllinux_1_2_x86_64.whl", hash = "sha256:90e85834f0370d737c77a386ce505c21b06bfe7086c1c568b70e15a568d9670d"},
    {file = "pydantic-1.10.21-cp311-cp311-win_amd64.whl", hash = "sha256:6a497bc66b3374b7d105763d1d3de76d949287bf28969bff4656206ab8a53aa9"},
    {file = "pydantic-1.10.21-cp312-cp312-macosx_10_13_x86_64.whl", hash = "sha256:2ed4a5f13cf160d64aa331ab9017af81f3481cd9fd0e49f1d707b57fe1b9f3ae"},
    {file = "pydantic-1.10.21-cp312-cp312-macosx_11_0_arm64.whl", hash = "sha256:3b7693bb6ed3fbe250e222f9415abb73111bb09b73ab90d2d4d53f6390e0ccc1"},
    {file = "pydantic-1.10.21-cp312-cp312-manylinux_2_17_x86_64.manylinux2014_x86_64.whl", hash = "sha256:185d5f1dff1fead51766da9b2de4f3dc3b8fca39e59383c273f34a6ae254e3e2"},
    {file = "pydantic-1.10.21-cp312-cp312-manylinux_2_5_i686.manylinux1_i686.manylinux_2_17_i686.manylinux2014_i686.whl", hash = "sha256:38e6d35cf7cd1727822c79e324fa0677e1a08c88a34f56695101f5ad4d5e20e5"},
    {file = "pydantic-1.10.21-cp312-cp312-musllinux_1_2_i686.whl", hash = "sha256:1d7c332685eafacb64a1a7645b409a166eb7537f23142d26895746f628a3149b"},
    {file = "pydantic-1.10.21-cp312-cp312-musllinux_1_2_x86_64.whl", hash = "sha256:2c9b782db6f993a36092480eeaab8ba0609f786041b01f39c7c52252bda6d85f"},
    {file = "pydantic-1.10.21-cp312-cp312-win_amd64.whl", hash = "sha256:7ce64d23d4e71d9698492479505674c5c5b92cda02b07c91dfc13633b2eef805"},
    {file = "pydantic-1.10.21-cp313-cp313-macosx_10_13_x86_64.whl", hash = "sha256:0067935d35044950be781933ab91b9a708eaff124bf860fa2f70aeb1c4be7212"},
    {file = "pydantic-1.10.21-cp313-cp313-macosx_11_0_arm64.whl", hash = "sha256:5e8148c2ce4894ce7e5a4925d9d3fdce429fb0e821b5a8783573f3611933a251"},
    {file = "pydantic-1.10.21-cp313-cp313-manylinux_2_17_x86_64.manylinux2014_x86_64.whl", hash = "sha256:a4973232c98b9b44c78b1233693e5e1938add5af18042f031737e1214455f9b8"},
    {file = "pydantic-1.10.21-cp313-cp313-manylinux_2_5_i686.manylinux1_i686.manylinux_2_17_i686.manylinux2014_i686.whl", hash = "sha256:662bf5ce3c9b1cef32a32a2f4debe00d2f4839fefbebe1d6956e681122a9c839"},
    {file = "pydantic-1.10.21-cp313-cp313-musllinux_1_2_i686.whl", hash = "sha256:98737c3ab5a2f8a85f2326eebcd214510f898881a290a7939a45ec294743c875"},
    {file = "pydantic-1.10.21-cp313-cp313-musllinux_1_2_x86_64.whl", hash = "sha256:0bb58bbe65a43483d49f66b6c8474424d551a3fbe8a7796c42da314bac712738"},
    {file = "pydantic-1.10.21-cp313-cp313-win_amd64.whl", hash = "sha256:e622314542fb48542c09c7bd1ac51d71c5632dd3c92dc82ede6da233f55f4848"},
    {file = "pydantic-1.10.21-cp37-cp37m-macosx_10_9_x86_64.whl", hash = "sha256:d356aa5b18ef5a24d8081f5c5beb67c0a2a6ff2a953ee38d65a2aa96526b274f"},
    {file = "pydantic-1.10.21-cp37-cp37m-manylinux_2_17_x86_64.manylinux2014_x86_64.whl", hash = "sha256:08caa8c0468172d27c669abfe9e7d96a8b1655ec0833753e117061febaaadef5"},
    {file = "pydantic-1.10.21-cp37-cp37m-manylinux_2_5_i686.manylinux1_i686.manylinux_2_17_i686.manylinux2014_i686.whl", hash = "sha256:c677aa39ec737fec932feb68e4a2abe142682f2885558402602cd9746a1c92e8"},
    {file = "pydantic-1.10.21-cp37-cp37m-musllinux_1_2_i686.whl", hash = "sha256:79577cc045d3442c4e845df53df9f9202546e2ba54954c057d253fc17cd16cb1"},
    {file = "pydantic-1.10.21-cp37-cp37m-musllinux_1_2_x86_64.whl", hash = "sha256:b6b73ab347284719f818acb14f7cd80696c6fdf1bd34feee1955d7a72d2e64ce"},
    {file = "pydantic-1.10.21-cp37-cp37m-win_amd64.whl", hash = "sha256:46cffa24891b06269e12f7e1ec50b73f0c9ab4ce71c2caa4ccf1fb36845e1ff7"},
    {file = "pydantic-1.10.21-cp38-cp38-macosx_10_9_x86_64.whl", hash = "sha256:298d6f765e3c9825dfa78f24c1efd29af91c3ab1b763e1fd26ae4d9e1749e5c8"},
    {file = "pydantic-1.10.21-cp38-cp38-macosx_11_0_arm64.whl", hash = "sha256:f2f4a2305f15eff68f874766d982114ac89468f1c2c0b97640e719cf1a078374"},
    {file = "pydantic-1.10.21-cp38-cp38-manylinux_2_17_x86_64.manylinux2014_x86_64.whl", hash = "sha256:35b263b60c519354afb3a60107d20470dd5250b3ce54c08753f6975c406d949b"},
    {file = "pydantic-1.10.21-cp38-cp38-manylinux_2_5_i686.manylinux1_i686.manylinux_2_17_i686.manylinux2014_i686.whl", hash = "sha256:e23a97a6c2f2db88995496db9387cd1727acdacc85835ba8619dce826c0b11a6"},
    {file = "pydantic-1.10.21-cp38-cp38-musllinux_1_2_i686.whl", hash = "sha256:3c96fed246ccc1acb2df032ff642459e4ae18b315ecbab4d95c95cfa292e8517"},
    {file = "pydantic-1.10.21-cp38-cp38-musllinux_1_2_x86_64.whl", hash = "sha256:b92893ebefc0151474f682e7debb6ab38552ce56a90e39a8834734c81f37c8a9"},
    {file = "pydantic-1.10.21-cp38-cp38-win_amd64.whl", hash = "sha256:b8460bc256bf0de821839aea6794bb38a4c0fbd48f949ea51093f6edce0be459"},
    {file = "pydantic-1.10.21-cp39-cp39-macosx_10_9_x86_64.whl", hash = "sha256:5d387940f0f1a0adb3c44481aa379122d06df8486cc8f652a7b3b0caf08435f7"},
    {file = "pydantic-1.10.21-cp39-cp39-macosx_11_0_arm64.whl", hash = "sha256:266ecfc384861d7b0b9c214788ddff75a2ea123aa756bcca6b2a1175edeca0fe"},
    {file = "pydantic-1.10.21-cp39-cp39-manylinux_2_17_x86_64.manylinux2014_x86_64.whl", hash = "sha256:61da798c05a06a362a2f8c5e3ff0341743e2818d0f530eaac0d6898f1b187f1f"},
    {file = "pydantic-1.10.21-cp39-cp39-manylinux_2_5_i686.manylinux1_i686.manylinux_2_17_i686.manylinux2014_i686.whl", hash = "sha256:a621742da75ce272d64ea57bd7651ee2a115fa67c0f11d66d9dcfc18c2f1b106"},
    {file = "pydantic-1.10.21-cp39-cp39-musllinux_1_2_i686.whl", hash = "sha256:9e3e4000cd54ef455694b8be9111ea20f66a686fc155feda1ecacf2322b115da"},
    {file = "pydantic-1.10.21-cp39-cp39-musllinux_1_2_x86_64.whl", hash = "sha256:f198c8206640f4c0ef5a76b779241efb1380a300d88b1bce9bfe95a6362e674d"},
    {file = "pydantic-1.10.21-cp39-cp39-win_amd64.whl", hash = "sha256:e7f0cda108b36a30c8fc882e4fc5b7eec8ef584aa43aa43694c6a7b274fb2b56"},
    {file = "pydantic-1.10.21-py3-none-any.whl", hash = "sha256:db70c920cba9d05c69ad4a9e7f8e9e83011abb2c6490e561de9ae24aee44925c"},
    {file = "pydantic-1.10.21.tar.gz", hash = "sha256:64b48e2b609a6c22178a56c408ee1215a7206077ecb8a193e2fda31858b2362a"},
]

[package.dependencies]
typing-extensions = ">=4.2.0"

[package.extras]
dotenv = ["python-dotenv (>=0.10.4)"]
email = ["email-validator (>=1.0.3)"]

[[package]]
name = "requests"
version = "2.28.1"
description = "Python HTTP for Humans."
optional = false
python-versions = ">=3.7, <4"
groups = ["main"]
files = [
    {file = "requests-2.28.1-py3-none-any.whl", hash = "sha256:8fefa2a1a1365bf5520aac41836fbee479da67864514bdb821f31ce07ce65349"},
    {file = "requests-2.28.1.tar.gz", hash = "sha256:7c5599b102feddaa661c826c56ab4fee28bfd17f5abca1ebbe3e7f19d7c97983"},
]

[package.dependencies]
certifi = ">=2017.4.17"
charset-normalizer = ">=2,<3"
idna = ">=2.5,<4"
urllib3 = ">=1.21.1,<1.27"

[package.extras]
socks = ["PySocks (>=1.5.6,!=1.5.7)"]
use-chardet-on-py3 = ["chardet (>=3.0.2,<6)"]

[[package]]
name = "starlette"
version = "0.12.9"
description = "The little ASGI library that shines."
optional = false
python-versions = ">=3.6"
groups = ["main"]
files = [
    {file = "starlette-0.12.9.tar.gz", hash = "sha256:c2ac9a42e0e0328ad20fe444115ac5e3760c1ee2ac1ff8cdb5ec915c4a453411"},
]

[package.extras]
full = ["aiofiles", "graphene", "itsdangerous", "jinja2", "python-multipart", "pyyaml", "requests", "ujson"]

[[package]]
name = "typing-extensions"
version = "4.13.1"
description = "Backported and Experimental Type Hints for Python 3.8+"
optional = false
python-versions = ">=3.8"
groups = ["main"]
files = [
    {file = "typing_extensions-4.13.1-py3-none-any.whl", hash = "sha256:4b6cf02909eb5495cfbc3f6e8fd49217e6cc7944e145cdda8caa3734777f9e69"},
    {file = "typing_extensions-4.13.1.tar.gz", hash = "sha256:98795af00fb9640edec5b8e31fc647597b4691f099ad75f469a2616be1a76dff"},
]

[[package]]
name = "urllib3"
version = "1.26.20"
description = "HTTP library with thread-safe connection pooling, file post, and more."
optional = false
python-versions = "!=3.0.*,!=3.1.*,!=3.2.*,!=3.3.*,!=3.4.*,!=3.5.*,>=2.7"
groups = ["main"]
files = [
    {file = "urllib3-1.26.20-py2.py3-none-any.whl", hash = "sha256:0ed14ccfbf1c30a9072c7ca157e4319b70d65f623e91e7b32fadb2853431016e"},
    {file = "urllib3-1.26.20.tar.gz", hash = "sha256:40c2dc0c681e47eb8f90e7e27bf6ff7df2e677421fd46756da1161c39ca70d32"},
]

[package.extras]
brotli = ["brotli (==1.0.9) ; os_name != \"nt\" and python_version < \"3\" and platform_python_implementation == \"CPython\"", "brotli (>=1.0.9) ; python_version >= \"3\" and platform_python_implementation == \"CPython\"", "brotlicffi (>=0.8.0) ; (os_name != \"nt\" or python_version >= \"3\") and platform_python_implementation != \"CPython\"", "brotlipy (>=0.6.0) ; os_name == \"nt\" and python_version < \"3\""]
secure = ["certifi", "cryptography (>=1.3.4)", "idna (>=2.0.0)", "ipaddress ; python_version == \"2.7\"", "pyOpenSSL (>=0.14)", "urllib3-secure-extra"]
socks = ["PySocks (>=1.5.6,!=1.5.7,<2.0)"]

[[package]]
name = "uvicorn"
version = "0.11.2"
description = "The lightning-fast ASGI server."
optional = false
python-versions = "*"
groups = ["main"]
files = [
    {file = "uvicorn-0.11.2-py3-none-any.whl", hash = "sha256:4a35496af38e4deeec911f4af99b0bace19669c986210b0a950ad2b7bfd5737a"},
    {file = "uvicorn-0.11.2.tar.gz", hash = "sha256:11f397855c7f35dc034a3d288883382a4c16afdfe6675b70896f55bd6051da64"},
]

[package.dependencies]
click = "==7.*"
h11 = ">=0.8,<0.10"
httptools = {version = "0.0.13", markers = "sys_platform != \"win32\" and sys_platform != \"cygwin\" and platform_python_implementation != \"pypy\""}
uvloop = {version = ">=0.14.0", markers = "sys_platform != \"win32\" and sys_platform != \"cygwin\" and platform_python_implementation != \"pypy\""}
websockets = "==8.*"

[[package]]
name = "uvloop"
version = "0.21.0"
description = "Fast implementation of asyncio event loop on top of libuv"
optional = false
python-versions = ">=3.8.0"
groups = ["main"]
markers = "sys_platform != \"win32\" and sys_platform != \"cygwin\" and platform_python_implementation != \"pypy\""
files = [
    {file = "uvloop-0.21.0-cp310-cp310-macosx_10_9_universal2.whl", hash = "sha256:ec7e6b09a6fdded42403182ab6b832b71f4edaf7f37a9a0e371a01db5f0cb45f"},
    {file = "uvloop-0.21.0-cp310-cp310-macosx_10_9_x86_64.whl", hash = "sha256:196274f2adb9689a289ad7d65700d37df0c0930fd8e4e743fa4834e850d7719d"},
    {file = "uvloop-0.21.0-cp310-cp310-manylinux_2_17_aarch64.manylinux2014_aarch64.whl", hash = "sha256:f38b2e090258d051d68a5b14d1da7203a3c3677321cf32a95a6f4db4dd8b6f26"},
    {file = "uvloop-0.21.0-cp310-cp310-manylinux_2_17_x86_64.manylinux2014_x86_64.whl", hash = "sha256:87c43e0f13022b998eb9b973b5e97200c8b90823454d4bc06ab33829e09fb9bb"},
    {file = "uvloop-0.21.0-cp310-cp310-musllinux_1_2_aarch64.whl", hash = "sha256:10d66943def5fcb6e7b37310eb6b5639fd2ccbc38df1177262b0640c3ca68c1f"},
    {file = "uvloop-0.21.0-cp310-cp310-musllinux_1_2_x86_64.whl", hash = "sha256:67dd654b8ca23aed0a8e99010b4c34aca62f4b7fce88f39d452ed7622c94845c"},
    {file = "uvloop-0.21.0-cp311-cp311-macosx_10_9_universal2.whl", hash = "sha256:c0f3fa6200b3108919f8bdabb9a7f87f20e7097ea3c543754cabc7d717d95cf8"},
    {file = "uvloop-0.21.0-cp311-cp311-macosx_10_9_x86_64.whl", hash = "sha256:0878c2640cf341b269b7e128b1a5fed890adc4455513ca710d77d5e93aa6d6a0"},
    {file = "uvloop-0.21.0-cp311-cp311-manylinux_2_17_aarch64.manylinux2014_aarch64.whl", hash = "sha256:b9fb766bb57b7388745d8bcc53a359b116b8a04c83a2288069809d2b3466c37e"},
    {file = "uvloop-0.21.0-cp311-cp311-manylinux_2_17_x86_64.manylinux2014_x86_64.whl", hash = "sha256:8a375441696e2eda1c43c44ccb66e04d61ceeffcd76e4929e527b7fa401b90fb"},
    {file = "uvloop-0.21.0-cp311-cp311-musllinux_1_2_aarch64.whl", hash = "sha256:baa0e6291d91649c6ba4ed4b2f982f9fa165b5bbd50a9e203c416a2797bab3c6"},
    {file = "uvloop-0.21.0-cp311-cp311-musllinux_1_2_x86_64.whl", hash = "sha256:4509360fcc4c3bd2c70d87573ad472de40c13387f5fda8cb58350a1d7475e58d"},
    {file = "uvloop-0.21.0-cp312-cp312-macosx_10_13_universal2.whl", hash = "sha256:359ec2c888397b9e592a889c4d72ba3d6befba8b2bb01743f72fffbde663b59c"},
    {file = "uvloop-0.21.0-cp312-cp312-macosx_10_13_x86_64.whl", hash = "sha256:f7089d2dc73179ce5ac255bdf37c236a9f914b264825fdaacaded6990a7fb4c2"},
    {file = "uvloop-0.21.0-cp312-cp312-manylinux_2_17_aarch64.manylinux2014_aarch64.whl", hash = "sha256:baa4dcdbd9ae0a372f2167a207cd98c9f9a1ea1188a8a526431eef2f8116cc8d"},
    {file = "uvloop-0.21.0-cp312-cp312-manylinux_2_17_x86_64.manylinux2014_x86_64.whl", hash = "sha256:86975dca1c773a2c9864f4c52c5a55631038e387b47eaf56210f873887b6c8dc"},
    {file = "uvloop-0.21.0-cp312-cp312-musllinux_1_2_aarch64.whl", hash = "sha256:461d9ae6660fbbafedd07559c6a2e57cd553b34b0065b6550685f6653a98c1cb"},
    {file = "uvloop-0.21.0-cp312-cp312-musllinux_1_2_x86_64.whl", hash = "sha256:183aef7c8730e54c9a3ee3227464daed66e37ba13040bb3f350bc2ddc040f22f"},
    {file = "uvloop-0.21.0-cp313-cp313-macosx_10_13_universal2.whl", hash = "sha256:bfd55dfcc2a512316e65f16e503e9e450cab148ef11df4e4e679b5e8253a5281"},
    {file = "uvloop-0.21.0-cp313-cp313-macosx_10_13_x86_64.whl", hash = "sha256:787ae31ad8a2856fc4e7c095341cccc7209bd657d0e71ad0dc2ea83c4a6fa8af"},
    {file = "uvloop-0.21.0-cp313-cp313-manylinux_2_17_aarch64.manylinux2014_aarch64.whl", hash = "sha256:5ee4d4ef48036ff6e5cfffb09dd192c7a5027153948d85b8da7ff705065bacc6"},
    {file = "uvloop-0.21.0-cp313-cp313-manylinux_2_17_x86_64.manylinux2014_x86_64.whl", hash = "sha256:f3df876acd7ec037a3d005b3ab85a7e4110422e4d9c1571d4fc89b0fc41b6816"},
    {file = "uvloop-0.21.0-cp313-cp313-musllinux_1_2_aarch64.whl", hash = "sha256:bd53ecc9a0f3d87ab847503c2e1552b690362e005ab54e8a48ba97da3924c0dc"},
    {file = "uvloop-0.21.0-cp313-cp313-musllinux_1_2_x86_64.whl", hash = "sha256:a5c39f217ab3c663dc699c04cbd50c13813e31d917642d459fdcec07555cc553"},
    {file = "uvloop-0.21.0-cp38-cp38-macosx_10_9_universal2.whl", hash = "sha256:17df489689befc72c39a08359efac29bbee8eee5209650d4b9f34df73d22e414"},
    {file = "uvloop-0.21.0-cp38-cp38-macosx_10_9_x86_64.whl", hash = "sha256:bc09f0ff191e61c2d592a752423c767b4ebb2986daa9ed62908e2b1b9a9ae206"},
    {file = "uvloop-0.21.0-cp38-cp38-manylinux_2_17_aarch64.manylinux2014_aarch64.whl", hash = "sha256:f0ce1b49560b1d2d8a2977e3ba4afb2414fb46b86a1b64056bc4ab929efdafbe"},
    {file = "uvloop-0.21.0-cp38-cp38-manylinux_2_17_x86_64.manylinux2014_x86_64.whl", hash = "sha256:e678ad6fe52af2c58d2ae3c73dc85524ba8abe637f134bf3564ed07f555c5e79"},
    {file = "uvloop-0.21.0-cp38-cp38-musllinux_1_2_aarch64.whl", hash = "sha256:460def4412e473896ef179a1671b40c039c7012184b627898eea5072ef6f017a"},
    {file = "uvloop-0.21.0-cp38-cp38-musllinux_1_2_x86_64.whl", hash = "sha256:10da8046cc4a8f12c91a1c39d1dd1585c41162a15caaef165c2174db9ef18bdc"},
    {file = "uvloop-0.21.0-cp39-cp39-macosx_10_9_universal2.whl", hash = "sha256:c097078b8031190c934ed0ebfee8cc5f9ba9642e6eb88322b9958b649750f72b"},
    {file = "uvloop-0.21.0-cp39-cp39-macosx_10_9_x86_64.whl", hash = "sha256:46923b0b5ee7fc0020bef24afe7836cb068f5050ca04caf6b487c513dc1a20b2"},
    {file = "uvloop-0.21.0-cp39-cp39-manylinux_2_17_aarch64.manylinux2014_aarch64.whl", hash = "sha256:53e420a3afe22cdcf2a0f4846e377d16e718bc70103d7088a4f7623567ba5fb0"},
    {file = "uvloop-0.21.0-cp39-cp39-manylinux_2_17_x86_64.manylinux2014_x86_64.whl", hash = "sha256:88cb67cdbc0e483da00af0b2c3cdad4b7c61ceb1ee0f33fe00e09c81e3a6cb75"},
    {file = "uvloop-0.21.0-cp39-cp39-musllinux_1_2_aarch64.whl", hash = "sha256:221f4f2a1f46032b403bf3be628011caf75428ee3cc204a22addf96f586b19fd"},
    {file = "uvloop-0.21.0-cp39-cp39-musllinux_1_2_x86_64.whl", hash = "sha256:2d1f581393673ce119355d56da84fe1dd9d2bb8b3d13ce792524e1607139feff"},
    {file = "uvloop-0.21.0.tar.gz", hash = "sha256:3bf12b0fda68447806a7ad847bfa591613177275d35b6724b1ee573faa3704e3"},
]

[package.extras]
dev = ["Cython (>=3.0,<4.0)", "setuptools (>=60)"]
docs = ["Sphinx (>=4.1.2,<4.2.0)", "sphinx-rtd-theme (>=0.5.2,<0.6.0)", "sphinxcontrib-asyncio (>=0.3.0,<0.4.0)"]
test = ["aiohttp (>=3.10.5)", "flake8 (>=5.0,<6.0)", "mypy (>=0.800)", "psutil", "pyOpenSSL (>=23.0.0,<23.1.0)", "pycodestyle (>=2.9.0,<2.10.0)"]

[[package]]
name = "websockets"
version = "8.1"
description = "An implementation of the WebSocket Protocol (RFC 6455 & 7692)"
optional = false
python-versions = ">=3.6.1"
groups = ["main"]
files = [
    {file = "websockets-8.1-cp36-cp36m-macosx_10_6_intel.whl", hash = "sha256:3762791ab8b38948f0c4d281c8b2ddfa99b7e510e46bd8dfa942a5fff621068c"},
    {file = "websockets-8.1-cp36-cp36m-manylinux1_i686.whl", hash = "sha256:3db87421956f1b0779a7564915875ba774295cc86e81bc671631379371af1170"},
    {file = "websockets-8.1-cp36-cp36m-manylinux1_x86_64.whl", hash = "sha256:4f9f7d28ce1d8f1295717c2c25b732c2bc0645db3215cf757551c392177d7cb8"},
    {file = "websockets-8.1-cp36-cp36m-manylinux2010_i686.whl", hash = "sha256:295359a2cc78736737dd88c343cd0747546b2174b5e1adc223824bcaf3e164cb"},
    {file = "websockets-8.1-cp36-cp36m-manylinux2010_x86_64.whl", hash = "sha256:1d3f1bf059d04a4e0eb4985a887d49195e15ebabc42364f4eb564b1d065793f5"},
    {file = "websockets-8.1-cp36-cp36m-win32.whl", hash = "sha256:2db62a9142e88535038a6bcfea70ef9447696ea77891aebb730a333a51ed559a"},
    {file = "websockets-8.1-cp36-cp36m-win_amd64.whl", hash = "sha256:0e4fb4de42701340bd2353bb2eee45314651caa6ccee80dbd5f5d5978888fed5"},
    {file = "websockets-8.1-cp37-cp37m-macosx_10_6_intel.whl", hash = "sha256:9b248ba3dd8a03b1a10b19efe7d4f7fa41d158fdaa95e2cf65af5a7b95a4f989"},
    {file = "websockets-8.1-cp37-cp37m-manylinux1_i686.whl", hash = "sha256:ce85b06a10fc65e6143518b96d3dca27b081a740bae261c2fb20375801a9d56d"},
    {file = "websockets-8.1-cp37-cp37m-manylinux1_x86_64.whl", hash = "sha256:965889d9f0e2a75edd81a07592d0ced54daa5b0785f57dc429c378edbcffe779"},
    {file = "websockets-8.1-cp37-cp37m-manylinux2010_i686.whl", hash = "sha256:751a556205d8245ff94aeef23546a1113b1dd4f6e4d102ded66c39b99c2ce6c8"},
    {file = "websockets-8.1-cp37-cp37m-manylinux2010_x86_64.whl", hash = "sha256:3ef56fcc7b1ff90de46ccd5a687bbd13a3180132268c4254fc0fa44ecf4fc422"},
    {file = "websockets-8.1-cp37-cp37m-win32.whl", hash = "sha256:7ff46d441db78241f4c6c27b3868c9ae71473fe03341340d2dfdbe8d79310acc"},
    {file = "websockets-8.1-cp37-cp37m-win_amd64.whl", hash = "sha256:20891f0dddade307ffddf593c733a3fdb6b83e6f9eef85908113e628fa5a8308"},
    {file = "websockets-8.1-cp38-cp38-macosx_10_9_x86_64.whl", hash = "sha256:c1ec8db4fac31850286b7cd3b9c0e1b944204668b8eb721674916d4e28744092"},
    {file = "websockets-8.1-cp38-cp38-manylinux1_i686.whl", hash = "sha256:5c01fd846263a75bc8a2b9542606927cfad57e7282965d96b93c387622487485"},
    {file = "websockets-8.1-cp38-cp38-manylinux1_x86_64.whl", hash = "sha256:9bef37ee224e104a413f0780e29adb3e514a5b698aabe0d969a6ba426b8435d1"},
    {file = "websockets-8.1-cp38-cp38-manylinux2010_i686.whl", hash = "sha256:d705f8aeecdf3262379644e4b55107a3b55860eb812b673b28d0fbc347a60c55"},
    {file = "websockets-8.1-cp38-cp38-manylinux2010_x86_64.whl", hash = "sha256:c8a116feafdb1f84607cb3b14aa1418424ae71fee131642fc568d21423b51824"},
    {file = "websockets-8.1-cp38-cp38-win32.whl", hash = "sha256:e898a0863421650f0bebac8ba40840fc02258ef4714cb7e1fd76b6a6354bda36"},
    {file = "websockets-8.1-cp38-cp38-win_amd64.whl", hash = "sha256:f8a7bff6e8664afc4e6c28b983845c5bc14965030e3fb98789734d416af77c4b"},
    {file = "websockets-8.1.tar.gz", hash = "sha256:5c65d2da8c6bce0fca2528f69f44b2f977e06954c8512a952222cea50dad430f"},
]

[metadata]
lock-version = "2.1"
python-versions = "^3.8"
content-hash = "0d29b9e04dfa259ea76d27949a29cdc4fe9b5124fb46d228e89ddaafed4c52dc"
